
Microsoft Visual Studio Solution File, Format Version 12.00
# Visual Studio Version 17
VisualStudioVersion = 17.8.34601.278
MinimumVisualStudioVersion = 10.0.40219.1
Project("{FAE04EC0-301F-11D3-BF4B-00C04F79EFBC}") = "ApiTestePDF", "ApiTestePDF.csproj", "{7BF96A2A-454E-447A-902D-F7C0FFEB3EB6}"
EndProject
Global
	GlobalSection(SolutionConfigurationPlatforms) = preSolution
		Debug|Any CPU = Debug|Any CPU
		Release|Any CPU = Release|Any CPU
	EndGlobalSection
	GlobalSection(ProjectConfigurationPlatforms) = postSolution
		{7BF96A2A-454E-447A-902D-F7C0FFEB3EB6}.Debug|Any CPU.ActiveCfg = Debug|Any CPU
		{7BF96A2A-454E-447A-902D-F7C0FFEB3EB6}.Debug|Any CPU.Build.0 = Debug|Any CPU
		{7BF96A2A-454E-447A-902D-F7C0FFEB3EB6}.Release|Any CPU.ActiveCfg = Release|Any CPU
		{7BF96A2A-454E-447A-902D-F7C0FFEB3EB6}.Release|Any CPU.Build.0 = Release|Any CPU
	EndGlobalSection
	GlobalSection(SolutionProperties) = preSolution
		HideSolutionNode = FALSE
	EndGlobalSection
	GlobalSection(ExtensibilityGlobals) = postSolution
		SolutionGuid = {3772E1BA-D103-4578-BA68-CA84876FC3FC}
	EndGlobalSection
EndGlobal
